
Microsoft Visual Studio Solution File, Format Version 12.00
# Visual Studio Version 17
VisualStudioVersion = 17.6.33712.159
MinimumVisualStudioVersion = 10.0.40219.1
Project("{FAE04EC0-301F-11D3-BF4B-00C04F79EFBC}") = "ControleWork1", "ControleWork1.csproj", "{D510DDB7-E1F6-4884-8B7F-34F557E240DF}"
EndProject
Global
	GlobalSection(SolutionConfigurationPlatforms) = preSolution
		Debug|Any CPU = Debug|Any CPU
		Release|Any CPU = Release|Any CPU
	EndGlobalSection
	GlobalSection(ProjectConfigurationPlatforms) = postSolution
		{D510DDB7-E1F6-4884-8B7F-34F557E240DF}.Debug|Any CPU.ActiveCfg = Debug|Any CPU
		{D510DDB7-E1F6-4884-8B7F-34F557E240DF}.Debug|Any CPU.Build.0 = Debug|Any CPU
		{D510DDB7-E1F6-4884-8B7F-34F557E240DF}.Release|Any CPU.ActiveCfg = Release|Any CPU
		{D510DDB7-E1F6-4884-8B7F-34F557E240DF}.Release|Any CPU.Build.0 = Release|Any CPU
	EndGlobalSection
	GlobalSection(SolutionProperties) = preSolution
		HideSolutionNode = FALSE
	EndGlobalSection
	GlobalSection(ExtensibilityGlobals) = postSolution
		SolutionGuid = {49D553A2-6177-4372-A47A-81841A1205A6}
	EndGlobalSection
EndGlobal
